
Microsoft Visual Studio Solution File, Format Version 12.00
# Visual Studio 2015
Project("{FAE04EC0-301F-11D3-BF4B-00C04F79EFBC}") = "TimeFormatAttribute.CSharp", "TimeFormatAttribute.CSharp.csproj", "{3D5A4CDC-9E02-67F1-28B7-FC6927EB9FDF}"
EndProject
Project("{FAE04EC0-301F-11D3-BF4B-00C04F79EFBC}") = "TimeFormatAttribute.CSharp.Editor", "TimeFormatAttribute.CSharp.Editor.csproj", "{B01536B3-7669-1B56-F81C-0AF6200C5ABE}"
EndProject
Global
	GlobalSection(SolutionConfigurationPlatforms) = preSolution
		Debug|Any CPU = Debug|Any CPU
		Release|Any CPU = Release|Any CPU
	EndGlobalSection
	GlobalSection(ProjectConfigurationPlatforms) = postSolution
		{3D5A4CDC-9E02-67F1-28B7-FC6927EB9FDF}.Debug|Any CPU.ActiveCfg = Debug|Any CPU
		{3D5A4CDC-9E02-67F1-28B7-FC6927EB9FDF}.Debug|Any CPU.Build.0 = Debug|Any CPU
		{3D5A4CDC-9E02-67F1-28B7-FC6927EB9FDF}.Release|Any CPU.ActiveCfg = Release|Any CPU
		{3D5A4CDC-9E02-67F1-28B7-FC6927EB9FDF}.Release|Any CPU.Build.0 = Release|Any CPU
		{B01536B3-7669-1B56-F81C-0AF6200C5ABE}.Debug|Any CPU.ActiveCfg = Debug|Any CPU
		{B01536B3-7669-1B56-F81C-0AF6200C5ABE}.Debug|Any CPU.Build.0 = Debug|Any CPU
		{B01536B3-7669-1B56-F81C-0AF6200C5ABE}.Release|Any CPU.ActiveCfg = Release|Any CPU
		{B01536B3-7669-1B56-F81C-0AF6200C5ABE}.Release|Any CPU.Build.0 = Release|Any CPU
	EndGlobalSection
	GlobalSection(SolutionProperties) = preSolution
		HideSolutionNode = FALSE
	EndGlobalSection
EndGlobal
